
Microsoft Visual Studio Solution File, Format Version 12.00
# Visual Studio Version 17
VisualStudioVersion = 17.8.34525.116
MinimumVisualStudioVersion = 10.0.40219.1
Project("{FAE04EC0-301F-11D3-BF4B-00C04F79EFBC}") = "webapp", "webapp\webapp.csproj", "{7E984059-71AE-43DC-838D-98A5A233871D}"
EndProject
Global
	GlobalSection(SolutionConfigurationPlatforms) = preSolution
		Debug|Any CPU = Debug|Any CPU
		Release|Any CPU = Release|Any CPU
	EndGlobalSection
	GlobalSection(ProjectConfigurationPlatforms) = postSolution
		{7E984059-71AE-43DC-838D-98A5A233871D}.Debug|Any CPU.ActiveCfg = Debug|Any CPU
		{7E984059-71AE-43DC-838D-98A5A233871D}.Debug|Any CPU.Build.0 = Debug|Any CPU
		{7E984059-71AE-43DC-838D-98A5A233871D}.Release|Any CPU.ActiveCfg = Release|Any CPU
		{7E984059-71AE-43DC-838D-98A5A233871D}.Release|Any CPU.Build.0 = Release|Any CPU
	EndGlobalSection
	GlobalSection(SolutionProperties) = preSolution
		HideSolutionNode = FALSE
	EndGlobalSection
	GlobalSection(ExtensibilityGlobals) = postSolution
		SolutionGuid = {DC3578AF-6A35-4CF2-B1CC-0745E3CC0861}
	EndGlobalSection
EndGlobal
